
Microsoft Visual Studio Solution File, Format Version 12.00
# Visual Studio 15
VisualStudioVersion = 15.0.28010.2003
MinimumVisualStudioVersion = 10.0.40219.1
Project("{9A19103F-16F7-4668-BE54-9A1E7A4F7556}") = "EventHub.Core", "EventHub.Core\EventHub.Core.csproj", "{8D9AEB37-CAFB-4E1C-84AC-56200C846954}"
EndProject
Project("{9A19103F-16F7-4668-BE54-9A1E7A4F7556}") = "Bench", "Bench\Bench.csproj", "{C85F7760-0F6A-4A65-9BC5-DD5BF47E44C3}"
EndProject
Project("{00D1A9C2-B5F0-4AF3-8072-F6C62B433612}") = "DB.EventHubs", "DB.EventHubs\DB.EventHubs.sqlproj", "{9C9AB08B-808F-46D6-ADAF-4D86D4C471FB}"
EndProject
Project("{FAE04EC0-301F-11D3-BF4B-00C04F79EFBC}") = "EventHub.Sql", "EventHub.Sql\EventHub.Sql.csproj", "{101123B1-9D9A-45F6-AC1C-C19AC2DC252B}"
EndProject
Project("{2150E333-8FDC-42A3-9474-1A3956D46DE8}") = "Samples", "Samples", "{DA2E404F-7FEB-40C7-8C2A-BEC8BE5C5808}"
EndProject
Project("{FAE04EC0-301F-11D3-BF4B-00C04F79EFBC}") = "EventSourceSample", "EventSourceSample\EventSourceSample.csproj", "{38593BC6-A292-48DD-98EC-C120BD7B9715}"
EndProject
Project("{FAE04EC0-301F-11D3-BF4B-00C04F79EFBC}") = "EventProcessorSample", "EventProcessorSample\EventProcessorSample.csproj", "{D752CEF8-075F-4CC3-B45D-3D698B92AC4C}"
EndProject
Global
	GlobalSection(SolutionConfigurationPlatforms) = preSolution
		Debug|Any CPU = Debug|Any CPU
		Release|Any CPU = Release|Any CPU
	EndGlobalSection
	GlobalSection(ProjectConfigurationPlatforms) = postSolution
		{8D9AEB37-CAFB-4E1C-84AC-56200C846954}.Debug|Any CPU.ActiveCfg = Debug|Any CPU
		{8D9AEB37-CAFB-4E1C-84AC-56200C846954}.Debug|Any CPU.Build.0 = Debug|Any CPU
		{8D9AEB37-CAFB-4E1C-84AC-56200C846954}.Release|Any CPU.ActiveCfg = Release|Any CPU
		{8D9AEB37-CAFB-4E1C-84AC-56200C846954}.Release|Any CPU.Build.0 = Release|Any CPU
		{C85F7760-0F6A-4A65-9BC5-DD5BF47E44C3}.Debug|Any CPU.ActiveCfg = Debug|Any CPU
		{C85F7760-0F6A-4A65-9BC5-DD5BF47E44C3}.Debug|Any CPU.Build.0 = Debug|Any CPU
		{C85F7760-0F6A-4A65-9BC5-DD5BF47E44C3}.Release|Any CPU.ActiveCfg = Release|Any CPU
		{C85F7760-0F6A-4A65-9BC5-DD5BF47E44C3}.Release|Any CPU.Build.0 = Release|Any CPU
		{9C9AB08B-808F-46D6-ADAF-4D86D4C471FB}.Debug|Any CPU.ActiveCfg = Debug|Any CPU
		{9C9AB08B-808F-46D6-ADAF-4D86D4C471FB}.Debug|Any CPU.Build.0 = Debug|Any CPU
		{9C9AB08B-808F-46D6-ADAF-4D86D4C471FB}.Debug|Any CPU.Deploy.0 = Debug|Any CPU
		{9C9AB08B-808F-46D6-ADAF-4D86D4C471FB}.Release|Any CPU.ActiveCfg = Release|Any CPU
		{9C9AB08B-808F-46D6-ADAF-4D86D4C471FB}.Release|Any CPU.Build.0 = Release|Any CPU
		{9C9AB08B-808F-46D6-ADAF-4D86D4C471FB}.Release|Any CPU.Deploy.0 = Release|Any CPU
		{101123B1-9D9A-45F6-AC1C-C19AC2DC252B}.Debug|Any CPU.ActiveCfg = Debug|Any CPU
		{101123B1-9D9A-45F6-AC1C-C19AC2DC252B}.Debug|Any CPU.Build.0 = Debug|Any CPU
		{101123B1-9D9A-45F6-AC1C-C19AC2DC252B}.Release|Any CPU.ActiveCfg = Release|Any CPU
		{101123B1-9D9A-45F6-AC1C-C19AC2DC252B}.Release|Any CPU.Build.0 = Release|Any CPU
		{38593BC6-A292-48DD-98EC-C120BD7B9715}.Debug|Any CPU.ActiveCfg = Debug|Any CPU
		{38593BC6-A292-48DD-98EC-C120BD7B9715}.Debug|Any CPU.Build.0 = Debug|Any CPU
		{38593BC6-A292-48DD-98EC-C120BD7B9715}.Release|Any CPU.ActiveCfg = Release|Any CPU
		{38593BC6-A292-48DD-98EC-C120BD7B9715}.Release|Any CPU.Build.0 = Release|Any CPU
		{D752CEF8-075F-4CC3-B45D-3D698B92AC4C}.Debug|Any CPU.ActiveCfg = Debug|Any CPU
		{D752CEF8-075F-4CC3-B45D-3D698B92AC4C}.Debug|Any CPU.Build.0 = Debug|Any CPU
		{D752CEF8-075F-4CC3-B45D-3D698B92AC4C}.Release|Any CPU.ActiveCfg = Release|Any CPU
		{D752CEF8-075F-4CC3-B45D-3D698B92AC4C}.Release|Any CPU.Build.0 = Release|Any CPU
	EndGlobalSection
	GlobalSection(SolutionProperties) = preSolution
		HideSolutionNode = FALSE
	EndGlobalSection
	GlobalSection(NestedProjects) = preSolution
		{38593BC6-A292-48DD-98EC-C120BD7B9715} = {DA2E404F-7FEB-40C7-8C2A-BEC8BE5C5808}
		{D752CEF8-075F-4CC3-B45D-3D698B92AC4C} = {DA2E404F-7FEB-40C7-8C2A-BEC8BE5C5808}
	EndGlobalSection
	GlobalSection(ExtensibilityGlobals) = postSolution
		SolutionGuid = {5764AB7E-F11E-47F2-9756-14FB1665BBE0}
	EndGlobalSection
EndGlobal
